
Microsoft Visual Studio Solution File, Format Version 12.00
# Visual Studio 14
VisualStudioVersion = 14.0.25420.1
MinimumVisualStudioVersion = 10.0.40219.1
Project("{FAE04EC0-301F-11D3-BF4B-00C04F79EFBC}") = "AccountingDocs", "AccountingDocs\AccountingDocs.csproj", "{3ED4855F-7D4C-473A-9A53-7FF72AABE5EA}"
EndProject
Project("{FAE04EC0-301F-11D3-BF4B-00C04F79EFBC}") = "Models", "Models\Models.csproj", "{AC8520A0-CAB9-42E9-9FE1-5E66DD146409}"
EndProject
Project("{FAE04EC0-301F-11D3-BF4B-00C04F79EFBC}") = "JsonReader", "JsonReader\JsonReader.csproj", "{94BC5724-1896-4B6B-8B88-9E7BF06F4FBA}"
EndProject
Global
	GlobalSection(SolutionConfigurationPlatforms) = preSolution
		Debug|Any CPU = Debug|Any CPU
		Release|Any CPU = Release|Any CPU
	EndGlobalSection
	GlobalSection(ProjectConfigurationPlatforms) = postSolution
		{3ED4855F-7D4C-473A-9A53-7FF72AABE5EA}.Debug|Any CPU.ActiveCfg = Debug|Any CPU
		{3ED4855F-7D4C-473A-9A53-7FF72AABE5EA}.Debug|Any CPU.Build.0 = Debug|Any CPU
		{3ED4855F-7D4C-473A-9A53-7FF72AABE5EA}.Release|Any CPU.ActiveCfg = Release|Any CPU
		{3ED4855F-7D4C-473A-9A53-7FF72AABE5EA}.Release|Any CPU.Build.0 = Release|Any CPU
		{AC8520A0-CAB9-42E9-9FE1-5E66DD146409}.Debug|Any CPU.ActiveCfg = Debug|Any CPU
		{AC8520A0-CAB9-42E9-9FE1-5E66DD146409}.Debug|Any CPU.Build.0 = Debug|Any CPU
		{AC8520A0-CAB9-42E9-9FE1-5E66DD146409}.Release|Any CPU.ActiveCfg = Release|Any CPU
		{AC8520A0-CAB9-42E9-9FE1-5E66DD146409}.Release|Any CPU.Build.0 = Release|Any CPU
		{94BC5724-1896-4B6B-8B88-9E7BF06F4FBA}.Debug|Any CPU.ActiveCfg = Debug|Any CPU
		{94BC5724-1896-4B6B-8B88-9E7BF06F4FBA}.Debug|Any CPU.Build.0 = Debug|Any CPU
		{94BC5724-1896-4B6B-8B88-9E7BF06F4FBA}.Release|Any CPU.ActiveCfg = Release|Any CPU
		{94BC5724-1896-4B6B-8B88-9E7BF06F4FBA}.Release|Any CPU.Build.0 = Release|Any CPU
	EndGlobalSection
	GlobalSection(SolutionProperties) = preSolution
		HideSolutionNode = FALSE
	EndGlobalSection
EndGlobal
